PODS:
  - APMAlertController (0.10):
    - APMAlertController/Core (= 0.10)
  - APMAlertController/Core (0.10)

DEPENDENCIES:
  - APMAlertController (from `../`)

EXTERNAL SOURCES:
  APMAlertController:
    :path: "../"

SPEC CHECKSUMS:
  APMAlertController: f27356d372a0d2382acbeefc8bbed91cdcc482c8

PODFILE CHECKSUM: 0fd9865dd66ed309d1991b432bd25f0ffe83799b

COCOAPODS: 1.2.1
