PODS:
  - APMAlertController (0.9.1):
    - APMAlertController/Core (= 0.9.1)
  - APMAlertController/Core (0.9.1)

DEPENDENCIES:
  - APMAlertController (from `../`)

EXTERNAL SOURCES:
  APMAlertController:
    :path: "../"

SPEC CHECKSUMS:
  APMAlertController: 78ec86c5a52a999e5a845c838b44343c9ad21b6e

PODFILE CHECKSUM: 0fd9865dd66ed309d1991b432bd25f0ffe83799b

COCOAPODS: 1.2.1
