PODS:
  - APMAlertController (0.6.1):
    - APMAlertController/Core (= 0.6.1)
  - APMAlertController/Core (0.6.1):
    - SnapKit
  - SnapKit (0.21.1)

DEPENDENCIES:
  - APMAlertController (from `../`)

EXTERNAL SOURCES:
  APMAlertController:
    :path: "../"

SPEC CHECKSUMS:
  APMAlertController: 59949ada712813b71d750fb19cb101ae6ac3e6d6
  SnapKit: bbad04cb016c7cead63965f16b00c09318d271ee

PODFILE CHECKSUM: e0262088d874de5c3da2b44f680eb3725563fa3b

COCOAPODS: 1.0.1
