// !$*UTF8*$!
{
	archiveVersion = 1;
	classes = {
	};
	objectVersion = 46;
	objects = {

/* Begin PBXBuildFile section */
		B8DCAA7181BFE6B8DF9426DB /* AlertController+Keyboard.swift in Sources */ = {isa = PBXBuildFile; fileRef = B8DCA4BB85D4FBE6A12E3623 /* AlertController+Keyboard.swift */; };
		D44D32201F9DE6DC00822763 /* APMAlertController.framework in Frameworks */ = {isa = PBXBuildFile; fileRef = D4B7FCD21EA0E525005852CF /* APMAlertController.framework */; };
		D4FD85531EA4F3B500128075 /* APMAlertController.h in Headers */ = {isa = PBXBuildFile; fileRef = D4FD85521EA4F3B500128075 /* APMAlertController.h */; settings = {ATTRIBUTES = (Public, ); }; };
		D4FD85571EA4F67800128075 /* APMAlertAction.swift in Sources */ = {isa = PBXBuildFile; fileRef = D4FD85541EA4F67800128075 /* APMAlertAction.swift */; };
		D4FD85581EA4F67800128075 /* APMAlertAnimation.swift in Sources */ = {isa = PBXBuildFile; fileRef = D4FD85551EA4F67800128075 /* APMAlertAnimation.swift */; };
		D4FD85591EA4F67800128075 /* APMAlertController.swift in Sources */ = {isa = PBXBuildFile; fileRef = D4FD85561EA4F67800128075 /* APMAlertController.swift */; };
/* End PBXBuildFile section */

/* Begin PBXContainerItemProxy section */
		D44D32211F9DE6DC00822763 /* PBXContainerItemProxy */ = {
			isa = PBXContainerItemProxy;
			containerPortal = D4B7FCC91EA0E525005852CF /* Project object */;
			proxyType = 1;
			remoteGlobalIDString = D4B7FCD11EA0E525005852CF;
			remoteInfo = APMAlertController;
		};
/* End PBXContainerItemProxy section */

/* Begin PBXFileReference section */
		B8DCA4BB85D4FBE6A12E3623 /* AlertController+Keyboard.swift */ = {isa = PBXFileReference; fileEncoding = 4; lastKnownFileType = sourcecode.swift; path = "AlertController+Keyboard.swift"; sourceTree = "<group>"; };
		D44D321B1F9DE6DC00822763 /* APMAlertControllerTests.xctest */ = {isa = PBXFileReference; explicitFileType = wrapper.cfbundle; includeInIndex = 0; path = APMAlertControllerTests.xctest; sourceTree = BUILT_PRODUCTS_DIR; };
		D44D321F1F9DE6DC00822763 /* Info.plist */ = {isa = PBXFileReference; lastKnownFileType = text.plist.xml; path = Info.plist; sourceTree = "<group>"; };
		D4B7FCD21EA0E525005852CF /* APMAlertController.framework */ = {isa = PBXFileReference; explicitFileType = wrapper.framework; includeInIndex = 0; path = APMAlertController.framework; sourceTree = BUILT_PRODUCTS_DIR; };
		D4FD85521EA4F3B500128075 /* APMAlertController.h */ = {isa = PBXFileReference; fileEncoding = 4; lastKnownFileType = sourcecode.c.h; path = APMAlertController.h; sourceTree = SOURCE_ROOT; };
		D4FD85541EA4F67800128075 /* APMAlertAction.swift */ = {isa = PBXFileReference; fileEncoding = 4; lastKnownFileType = sourcecode.swift; name = APMAlertAction.swift; path = Pod/Classes/APMAlertAction.swift; sourceTree = SOURCE_ROOT; };
		D4FD85551EA4F67800128075 /* APMAlertAnimation.swift */ = {isa = PBXFileReference; fileEncoding = 4; lastKnownFileType = sourcecode.swift; name = APMAlertAnimation.swift; path = Pod/Classes/APMAlertAnimation.swift; sourceTree = SOURCE_ROOT; };
		D4FD85561EA4F67800128075 /* APMAlertController.swift */ = {isa = PBXFileReference; fileEncoding = 4; lastKnownFileType = sourcecode.swift; name = APMAlertController.swift; path = Pod/Classes/APMAlertController.swift; sourceTree = SOURCE_ROOT; };
		D4FD85611EA4F8A600128075 /* Info.plist */ = {isa = PBXFileReference; fileEncoding = 4; lastKnownFileType = text.plist.xml; name = Info.plist; path = Pod/Info.plist; sourceTree = SOURCE_ROOT; };
/* End PBXFileReference section */

/* Begin PBXFrameworksBuildPhase section */
		D44D32181F9DE6DC00822763 /* Frameworks */ = {
			isa = PBXFrameworksBuildPhase;
			buildActionMask = 2147483647;
			files = (
				D44D32201F9DE6DC00822763 /* APMAlertController.framework in Frameworks */,
			);
			runOnlyForDeploymentPostprocessing = 0;
		};
		D4B7FCCE1EA0E525005852CF /* Frameworks */ = {
			isa = PBXFrameworksBuildPhase;
			buildActionMask = 2147483647;
			files = (
			);
			runOnlyForDeploymentPostprocessing = 0;
		};
/* End PBXFrameworksBuildPhase section */

/* Begin PBXGroup section */
		D44D321C1F9DE6DC00822763 /* Tests */ = {
			isa = PBXGroup;
			children = (
				D44D321F1F9DE6DC00822763 /* Info.plist */,
				B8DCA4BB85D4FBE6A12E3623 /* AlertController+Keyboard.swift */,
			);
			path = Tests;
			sourceTree = "<group>";
		};
		D4B7FCC81EA0E525005852CF = {
			isa = PBXGroup;
			children = (
				D4B7FCD41EA0E525005852CF /* Pod */,
				D44D321C1F9DE6DC00822763 /* Tests */,
				D4B7FCD31EA0E525005852CF /* Products */,
			);
			sourceTree = "<group>";
		};
		D4B7FCD31EA0E525005852CF /* Products */ = {
			isa = PBXGroup;
			children = (
				D4B7FCD21EA0E525005852CF /* APMAlertController.framework */,
				D44D321B1F9DE6DC00822763 /* APMAlertControllerTests.xctest */,
			);
			name = Products;
			sourceTree = "<group>";
		};
		D4B7FCD41EA0E525005852CF /* Pod */ = {
			isa = PBXGroup;
			children = (
				D4FD85521EA4F3B500128075 /* APMAlertController.h */,
				D4FD85611EA4F8A600128075 /* Info.plist */,
				D4FD855A1EA4F68B00128075 /* Classes */,
			);
			path = Pod;
			sourceTree = "<group>";
		};
		D4FD855A1EA4F68B00128075 /* Classes */ = {
			isa = PBXGroup;
			children = (
				D4FD85541EA4F67800128075 /* APMAlertAction.swift */,
				D4FD85551EA4F67800128075 /* APMAlertAnimation.swift */,
				D4FD85561EA4F67800128075 /* APMAlertController.swift */,
			);
			path = Classes;
			sourceTree = "<group>";
		};
/* End PBXGroup section */

/* Begin PBXHeadersBuildPhase section */
		D4B7FCCF1EA0E525005852CF /* Headers */ = {
			isa = PBXHeadersBuildPhase;
			buildActionMask = 2147483647;
			files = (
				D4FD85531EA4F3B500128075 /* APMAlertController.h in Headers */,
			);
			runOnlyForDeploymentPostprocessing = 0;
		};
/* End PBXHeadersBuildPhase section */

/* Begin PBXNativeTarget section */
		D44D321A1F9DE6DC00822763 /* APMAlertControllerTests */ = {
			isa = PBXNativeTarget;
			buildConfigurationList = D44D32251F9DE6DC00822763 /* Build configuration list for PBXNativeTarget "APMAlertControllerTests" */;
			buildPhases = (
				D44D32171F9DE6DC00822763 /* Sources */,
				D44D32181F9DE6DC00822763 /* Frameworks */,
				D44D32191F9DE6DC00822763 /* Resources */,
			);
			buildRules = (
			);
			dependencies = (
				D44D32221F9DE6DC00822763 /* PBXTargetDependency */,
			);
			name = APMAlertControllerTests;
			productName = APMAlertControllerTests;
			productReference = D44D321B1F9DE6DC00822763 /* APMAlertControllerTests.xctest */;
			productType = "com.apple.product-type.bundle.unit-test";
		};
		D4B7FCD11EA0E525005852CF /* APMAlertController */ = {
			isa = PBXNativeTarget;
			buildConfigurationList = D4B7FCDA1EA0E525005852CF /* Build configuration list for PBXNativeTarget "APMAlertController" */;
			buildPhases = (
				D4B7FCCD1EA0E525005852CF /* Sources */,
				D4B7FCCE1EA0E525005852CF /* Frameworks */,
				D4B7FCCF1EA0E525005852CF /* Headers */,
				D4B7FCD01EA0E525005852CF /* Resources */,
			);
			buildRules = (
			);
			dependencies = (
			);
			name = APMAlertController;
			productName = APMAlertController;
			productReference = D4B7FCD21EA0E525005852CF /* APMAlertController.framework */;
			productType = "com.apple.product-type.framework";
		};
/* End PBXNativeTarget section */

/* Begin PBXProject section */
		D4B7FCC91EA0E525005852CF /* Project object */ = {
			isa = PBXProject;
			attributes = {
				LastSwiftUpdateCheck = 0900;
				LastUpgradeCheck = 1000;
				TargetAttributes = {
					D44D321A1F9DE6DC00822763 = {
						CreatedOnToolsVersion = 9.0.1;
						LastSwiftMigration = 1000;
						ProvisioningStyle = Automatic;
					};
					D4B7FCD11EA0E525005852CF = {
						CreatedOnToolsVersion = 8.3.1;
						LastSwiftMigration = 1000;
						ProvisioningStyle = Automatic;
					};
				};
			};
			buildConfigurationList = D4B7FCCC1EA0E525005852CF /* Build configuration list for PBXProject "APMAlertController" */;
			compatibilityVersion = "Xcode 3.2";
			developmentRegion = English;
			hasScannedForEncodings = 0;
			knownRegions = (
				en,
			);
			mainGroup = D4B7FCC81EA0E525005852CF;
			productRefGroup = D4B7FCD31EA0E525005852CF /* Products */;
			projectDirPath = "";
			projectRoot = "";
			targets = (
				D4B7FCD11EA0E525005852CF /* APMAlertController */,
				D44D321A1F9DE6DC00822763 /* APMAlertControllerTests */,
			);
		};
/* End PBXProject section */

/* Begin PBXResourcesBuildPhase section */
		D44D32191F9DE6DC00822763 /* Resources */ = {
			isa = PBXResourcesBuildPhase;
			buildActionMask = 2147483647;
			files = (
			);
			runOnlyForDeploymentPostprocessing = 0;
		};
		D4B7FCD01EA0E525005852CF /* Resources */ = {
			isa = PBXResourcesBuildPhase;
			buildActionMask = 2147483647;
			files = (
			);
			runOnlyForDeploymentPostprocessing = 0;
		};
/* End PBXResourcesBuildPhase section */

/* Begin PBXSourcesBuildPhase section */
		D44D32171F9DE6DC00822763 /* Sources */ = {
			isa = PBXSourcesBuildPhase;
			buildActionMask = 2147483647;
			files = (
				B8DCAA7181BFE6B8DF9426DB /* AlertController+Keyboard.swift in Sources */,
			);
			runOnlyForDeploymentPostprocessing = 0;
		};
		D4B7FCCD1EA0E525005852CF /* Sources */ = {
			isa = PBXSourcesBuildPhase;
			buildActionMask = 2147483647;
			files = (
				D4FD85591EA4F67800128075 /* APMAlertController.swift in Sources */,
				D4FD85581EA4F67800128075 /* APMAlertAnimation.swift in Sources */,
				D4FD85571EA4F67800128075 /* APMAlertAction.swift in Sources */,
			);
			runOnlyForDeploymentPostprocessing = 0;
		};
/* End PBXSourcesBuildPhase section */

/* Begin PBXTargetDependency section */
		D44D32221F9DE6DC00822763 /* PBXTargetDependency */ = {
			isa = PBXTargetDependency;
			target = D4B7FCD11EA0E525005852CF /* APMAlertController */;
			targetProxy = D44D32211F9DE6DC00822763 /* PBXContainerItemProxy */;
		};
/* End PBXTargetDependency section */

/* Begin XCBuildConfiguration section */
		D44D32231F9DE6DC00822763 /* Debug */ = {
			isa = XCBuildConfiguration;
			buildSettings = {
				CLANG_CXX_LANGUAGE_STANDARD = "gnu++14";
				CLANG_WARN_UNGUARDED_AVAILABILITY = YES_AGGRESSIVE;
				CODE_SIGN_IDENTITY = "iPhone Developer";
				CODE_SIGN_STYLE = Automatic;
				GCC_C_LANGUAGE_STANDARD = gnu11;
				INFOPLIST_FILE = Tests/Info.plist;
				IPHONEOS_DEPLOYMENT_TARGET = 11.0;
				LD_RUNPATH_SEARCH_PATHS = "$(inherited) @executable_path/Frameworks @loader_path/Frameworks";
				PRODUCT_BUNDLE_IDENTIFIER = "ru.almas-dev.APMAlertController.APMAlertControllerTests";
				PRODUCT_NAME = "$(TARGET_NAME)";
				SWIFT_VERSION = 4.2;
				TARGETED_DEVICE_FAMILY = "1,2";
			};
			name = Debug;
		};
		D44D32241F9DE6DC00822763 /* Release */ = {
			isa = XCBuildConfiguration;
			buildSettings = {
				CLANG_CXX_LANGUAGE_STANDARD = "gnu++14";
				CLANG_WARN_UNGUARDED_AVAILABILITY = YES_AGGRESSIVE;
				CODE_SIGN_IDENTITY = "iPhone Developer";
				CODE_SIGN_STYLE = Automatic;
				GCC_C_LANGUAGE_STANDARD = gnu11;
				INFOPLIST_FILE = Tests/Info.plist;
				IPHONEOS_DEPLOYMENT_TARGET = 11.0;
				LD_RUNPATH_SEARCH_PATHS = "$(inherited) @executable_path/Frameworks @loader_path/Frameworks";
				PRODUCT_BUNDLE_IDENTIFIER = "ru.almas-dev.APMAlertController.APMAlertControllerTests";
				PRODUCT_NAME = "$(TARGET_NAME)";
				SWIFT_VERSION = 4.2;
				TARGETED_DEVICE_FAMILY = "1,2";
			};
			name = Release;
		};
		D4B7FCD81EA0E525005852CF /* Debug */ = {
			isa = XCBuildConfiguration;
			buildSettings = {
				ALWAYS_SEARCH_USER_PATHS = NO;
				CLANG_ANALYZER_NONNULL = YES;
				CLANG_ANALYZER_NUMBER_OBJECT_CONVERSION = YES_AGGRESSIVE;
				CLANG_CXX_LANGUAGE_STANDARD = "gnu++0x";
				CLANG_CXX_LIBRARY = "libc++";
				CLANG_ENABLE_MODULES = YES;
				CLANG_ENABLE_OBJC_ARC = YES;
				CLANG_WARN_BLOCK_CAPTURE_AUTORELEASING = YES;
				CLANG_WARN_BOOL_CONVERSION = YES;
				CLANG_WARN_COMMA = YES;
				CLANG_WARN_CONSTANT_CONVERSION = YES;
				CLANG_WARN_DEPRECATED_OBJC_IMPLEMENTATIONS = YES;
				CLANG_WARN_DIRECT_OBJC_ISA_USAGE = YES_ERROR;
				CLANG_WARN_DOCUMENTATION_COMMENTS = YES;
				CLANG_WARN_EMPTY_BODY = YES;
				CLANG_WARN_ENUM_CONVERSION = YES;
				CLANG_WARN_INFINITE_RECURSION = YES;
				CLANG_WARN_INT_CONVERSION = YES;
				CLANG_WARN_NON_LITERAL_NULL_CONVERSION = YES;
				CLANG_WARN_OBJC_IMPLICIT_RETAIN_SELF = YES;
				CLANG_WARN_OBJC_LITERAL_CONVERSION = YES;
				CLANG_WARN_OBJC_ROOT_CLASS = YES_ERROR;
				CLANG_WARN_RANGE_LOOP_ANALYSIS = YES;
				CLANG_WARN_STRICT_PROTOTYPES = YES;
				CLANG_WARN_SUSPICIOUS_MOVE = YES;
				CLANG_WARN_UNREACHABLE_CODE = YES;
				CLANG_WARN__DUPLICATE_METHOD_MATCH = YES;
				"CODE_SIGN_IDENTITY[sdk=iphoneos*]" = "iPhone Developer";
				COPY_PHASE_STRIP = NO;
				CURRENT_PROJECT_VERSION = 1;
				DEBUG_INFORMATION_FORMAT = dwarf;
				ENABLE_STRICT_OBJC_MSGSEND = YES;
				ENABLE_TESTABILITY = YES;
				GCC_C_LANGUAGE_STANDARD = gnu99;
				GCC_DYNAMIC_NO_PIC = NO;
				GCC_NO_COMMON_BLOCKS = YES;
				GCC_OPTIMIZATION_LEVEL = 0;
				GCC_PREPROCESSOR_DEFINITIONS = (
					"DEBUG=1",
					"$(inherited)",
				);
				GCC_WARN_64_TO_32_BIT_CONVERSION = YES;
				GCC_WARN_ABOUT_RETURN_TYPE = YES_ERROR;
				GCC_WARN_UNDECLARED_SELECTOR = YES;
				GCC_WARN_UNINITIALIZED_AUTOS = YES_AGGRESSIVE;
				GCC_WARN_UNUSED_FUNCTION = YES;
				GCC_WARN_UNUSED_VARIABLE = YES;
				IPHONEOS_DEPLOYMENT_TARGET = 9.0;
				MTL_ENABLE_DEBUG_INFO = YES;
				ONLY_ACTIVE_ARCH = YES;
				SDKROOT = iphoneos;
				SWIFT_ACTIVE_COMPILATION_CONDITIONS = DEBUG;
				SWIFT_OPTIMIZATION_LEVEL = "-Onone";
				TARGETED_DEVICE_FAMILY = "1,2";
				VERSIONING_SYSTEM = "apple-generic";
				VERSION_INFO_PREFIX = "";
			};
			name = Debug;
		};
		D4B7FCD91EA0E525005852CF /* Release */ = {
			isa = XCBuildConfiguration;
			buildSettings = {
				ALWAYS_SEARCH_USER_PATHS = NO;
				CLANG_ANALYZER_NONNULL = YES;
				CLANG_ANALYZER_NUMBER_OBJECT_CONVERSION = YES_AGGRESSIVE;
				CLANG_CXX_LANGUAGE_STANDARD = "gnu++0x";
				CLANG_CXX_LIBRARY = "libc++";
				CLANG_ENABLE_MODULES = YES;
				CLANG_ENABLE_OBJC_ARC = YES;
				CLANG_WARN_BLOCK_CAPTURE_AUTORELEASING = YES;
				CLANG_WARN_BOOL_CONVERSION = YES;
				CLANG_WARN_COMMA = YES;
				CLANG_WARN_CONSTANT_CONVERSION = YES;
				CLANG_WARN_DEPRECATED_OBJC_IMPLEMENTATIONS = YES;
				CLANG_WARN_DIRECT_OBJC_ISA_USAGE = YES_ERROR;
				CLANG_WARN_DOCUMENTATION_COMMENTS = YES;
				CLANG_WARN_EMPTY_BODY = YES;
				CLANG_WARN_ENUM_CONVERSION = YES;
				CLANG_WARN_INFINITE_RECURSION = YES;
				CLANG_WARN_INT_CONVERSION = YES;
				CLANG_WARN_NON_LITERAL_NULL_CONVERSION = YES;
				CLANG_WARN_OBJC_IMPLICIT_RETAIN_SELF = YES;
				CLANG_WARN_OBJC_LITERAL_CONVERSION = YES;
				CLANG_WARN_OBJC_ROOT_CLASS = YES_ERROR;
				CLANG_WARN_RANGE_LOOP_ANALYSIS = YES;
				CLANG_WARN_STRICT_PROTOTYPES = YES;
				CLANG_WARN_SUSPICIOUS_MOVE = YES;
				CLANG_WARN_UNREACHABLE_CODE = YES;
				CLANG_WARN__DUPLICATE_METHOD_MATCH = YES;
				"CODE_SIGN_IDENTITY[sdk=iphoneos*]" = "iPhone Developer";
				COPY_PHASE_STRIP = NO;
				CURRENT_PROJECT_VERSION = 1;
				DEBUG_INFORMATION_FORMAT = "dwarf-with-dsym";
				ENABLE_NS_ASSERTIONS = NO;
				ENABLE_STRICT_OBJC_MSGSEND = YES;
				GCC_C_LANGUAGE_STANDARD = gnu99;
				GCC_NO_COMMON_BLOCKS = YES;
				GCC_WARN_64_TO_32_BIT_CONVERSION = YES;
				GCC_WARN_ABOUT_RETURN_TYPE = YES_ERROR;
				GCC_WARN_UNDECLARED_SELECTOR = YES;
				GCC_WARN_UNINITIALIZED_AUTOS = YES_AGGRESSIVE;
				GCC_WARN_UNUSED_FUNCTION = YES;
				GCC_WARN_UNUSED_VARIABLE = YES;
				IPHONEOS_DEPLOYMENT_TARGET = 9.0;
				MTL_ENABLE_DEBUG_INFO = NO;
				SDKROOT = iphoneos;
				SWIFT_OPTIMIZATION_LEVEL = "-Owholemodule";
				TARGETED_DEVICE_FAMILY = "1,2";
				VALIDATE_PRODUCT = YES;
				VERSIONING_SYSTEM = "apple-generic";
				VERSION_INFO_PREFIX = "";
			};
			name = Release;
		};
		D4B7FCDB1EA0E525005852CF /* Debug */ = {
			isa = XCBuildConfiguration;
			buildSettings = {
				CLANG_ENABLE_MODULES = YES;
				CODE_SIGN_IDENTITY = "";
				DEFINES_MODULE = YES;
				DYLIB_COMPATIBILITY_VERSION = 1;
				DYLIB_CURRENT_VERSION = 1;
				DYLIB_INSTALL_NAME_BASE = "@rpath";
				FRAMEWORK_SEARCH_PATHS = "$(inherited)";
				INFOPLIST_FILE = "$(SRCROOT)/Pod/Info.plist";
				INSTALL_PATH = "$(LOCAL_LIBRARY_DIR)/Frameworks";
				LD_RUNPATH_SEARCH_PATHS = "$(inherited) @executable_path/Frameworks @loader_path/Frameworks";
				PRODUCT_BUNDLE_IDENTIFIER = "ru.almas-dev.APMAlertController";
				PRODUCT_NAME = "$(TARGET_NAME)";
				SKIP_INSTALL = YES;
				SWIFT_OPTIMIZATION_LEVEL = "-Onone";
				SWIFT_VERSION = 4.2;
			};
			name = Debug;
		};
		D4B7FCDC1EA0E525005852CF /* Release */ = {
			isa = XCBuildConfiguration;
			buildSettings = {
				CLANG_ENABLE_MODULES = YES;
				CODE_SIGN_IDENTITY = "";
				DEFINES_MODULE = YES;
				DYLIB_COMPATIBILITY_VERSION = 1;
				DYLIB_CURRENT_VERSION = 1;
				DYLIB_INSTALL_NAME_BASE = "@rpath";
				FRAMEWORK_SEARCH_PATHS = "$(inherited)";
				INFOPLIST_FILE = "$(SRCROOT)/Pod/Info.plist";
				INSTALL_PATH = "$(LOCAL_LIBRARY_DIR)/Frameworks";
				LD_RUNPATH_SEARCH_PATHS = "$(inherited) @executable_path/Frameworks @loader_path/Frameworks";
				PRODUCT_BUNDLE_IDENTIFIER = "ru.almas-dev.APMAlertController";
				PRODUCT_NAME = "$(TARGET_NAME)";
				SKIP_INSTALL = YES;
				SWIFT_VERSION = 4.2;
			};
			name = Release;
		};
/* End XCBuildConfiguration section */

/* Begin XCConfigurationList section */
		D44D32251F9DE6DC00822763 /* Build configuration list for PBXNativeTarget "APMAlertControllerTests" */ = {
			isa = XCConfigurationList;
			buildConfigurations = (
				D44D32231F9DE6DC00822763 /* Debug */,
				D44D32241F9DE6DC00822763 /* Release */,
			);
			defaultConfigurationIsVisible = 0;
			defaultConfigurationName = Release;
		};
		D4B7FCCC1EA0E525005852CF /* Build configuration list for PBXProject "APMAlertController" */ = {
			isa = XCConfigurationList;
			buildConfigurations = (
				D4B7FCD81EA0E525005852CF /* Debug */,
				D4B7FCD91EA0E525005852CF /* Release */,
			);
			defaultConfigurationIsVisible = 0;
			defaultConfigurationName = Release;
		};
		D4B7FCDA1EA0E525005852CF /* Build configuration list for PBXNativeTarget "APMAlertController" */ = {
			isa = XCConfigurationList;
			buildConfigurations = (
				D4B7FCDB1EA0E525005852CF /* Debug */,
				D4B7FCDC1EA0E525005852CF /* Release */,
			);
			defaultConfigurationIsVisible = 0;
			defaultConfigurationName = Release;
		};
/* End XCConfigurationList section */
	};
	rootObject = D4B7FCC91EA0E525005852CF /* Project object */;
}
